# This file is autogenerated, do not edit; changes may be undone by the next 'dep ensure'.


[[projects]]
  branch = "master"
  digest = "1:ce4ece01d6deacd973df99c4bc63f76845354492633aa9073490a30519d5caf9"
  name = "github.com/BurntSushi/migration"
  packages = ["."]
  pruneopts = ""
  revision = "c45b897f13350786ccaf2b7403b92b1c7ad85844"

[[projects]]
  digest = "1:089b2aa6b977d4a0100277d46bce2e0613f01eb610c9bdab3447e5100871b431"
  name = "github.com/BurntSushi/toml"
  packages = ["."]
  pruneopts = ""
  revision = "bbd5bb678321a0d6e58f1099321dfa73391c1b6f"
  version = "v0.2.0"

[[projects]]
  digest = "1:ff608df68db2ac2073920ca26611e614d028c83ef3587c20fb773a5d669a554d"
  name = "github.com/antonholmquist/jason"
  packages = ["."]
  pruneopts = ""
  revision = "c23cef7eaa75a6a5b8810120e167bd590d8fd2ab"
  version = "v1.0.0"

[[projects]]
  digest = "1:d0bd46c188ed61745fbe769daba6676c9d6db9122e73aed5c47be9c8631bc6bb"
  name = "github.com/aws/aws-sdk-go"
  packages = [
    "aws",
    "aws/awserr",
    "aws/awsutil",
    "aws/client",
    "aws/client/metadata",
    "aws/corehandlers",
    "aws/credentials",
    "aws/credentials/ec2rolecreds",
    "aws/credentials/endpointcreds",
    "aws/credentials/stscreds",
    "aws/csm",
    "aws/defaults",
    "aws/ec2metadata",
    "aws/endpoints",
    "aws/request",
    "aws/session",
    "aws/signer/v4",
    "internal/ini",
    "internal/s3err",
    "internal/sdkio",
    "internal/sdkrand",
    "internal/sdkuri",
    "internal/shareddefaults",
    "private/protocol",
    "private/protocol/eventstream",
    "private/protocol/eventstream/eventstreamapi",
    "private/protocol/query",
    "private/protocol/query/queryutil",
    "private/protocol/rest",
    "private/protocol/restxml",
    "private/protocol/xml/xmlutil",
    "service/s3",
    "service/sts",
  ]
  pruneopts = ""
  revision = "fa9217848bf00ff03c3c097e9c109cbe833ea130"
  version = "v1.15.69"

[[projects]]
  digest = "1:8722889ad027febfced94665914d1e7be8f1b703d31f2ef9461c59e4d40fe974"
  name = "github.com/certifi/gocertifi"
  packages = ["."]
  pruneopts = ""
  revision = "deb3ae2ef2610fde3330947281941c562861188b"
  version = "2018.01.18"

[[projects]]
  branch = "master"
  digest = "1:55189e6c0cfbd5d758fefc627278651ab12506d3a834aaa7e04338bcc3c31f1c"
  name = "github.com/cznic/b"
  packages = ["."]
  pruneopts = ""
  revision = "35e9bbe41f07452a183c517a5fc5f3c9f45eaa0f"

[[projects]]
  branch = "master"
  digest = "1:46e7c78485d984e86ccb8038b96a270dfac8e77b09bab5c9d0aad40dcbaf300c"
  name = "github.com/cznic/db"
  packages = ["."]
  pruneopts = ""
  revision = "9a9997a96c2231eb1be8c41ac26442c1a4b007a3"

[[projects]]
  branch = "master"
  digest = "1:3eed48334b3b96e70d2c8c4a2e2d4b18c002ff5fa9ad88e98579a7ff2510fc2f"
  name = "github.com/cznic/file"
  packages = ["."]
  pruneopts = ""
  revision = "c5b24a4c78ba2cfb4476ecd0b3ec94827839c3e7"

[[projects]]
  branch = "master"
  digest = "1:051ec2da9db9819838d81f96c624201623cb5bbb44ff76b3228dd468eae31186"
  name = "github.com/cznic/fileutil"
  packages = ["."]
  pruneopts = ""
  revision = "6a051e75936f623600b67c2b1116b6b6c0ffb936"

[[projects]]
  branch = "master"
  digest = "1:45fa602dc91a68efd99beaf39891dee7f931a08ac03ebb491a10d148e3c12232"
  name = "github.com/cznic/golex"
  packages = ["lex"]
  pruneopts = ""
  revision = "4ab7c5e190e49208c823ce8ec803aa39e6a4b31a"

[[projects]]
  branch = "master"
  digest = "1:9bb0ec5dd641320a3135923779cfd03c5912edfc26f77e7afc92e561e502526d"
  name = "github.com/cznic/internal"
  packages = [
    "buffer",
    "file",
    "slice",
  ]
  pruneopts = ""
  revision = "f44710a21d00af8b5c8d1b3ff5f141fe5cb9b9eb"

[[projects]]
  digest = "1:9f7b82ce0d78b72a9412eb4c6f3e3780a69110bc9145e31e987e1e09142b3fd3"
  name = "github.com/cznic/lldb"
  packages = ["."]
  pruneopts = ""
  revision = "bea8611dd5c407f3c5eab9f9c68e887a27dc6f0e"
  version = "v1.1.0"

[[projects]]
  branch = "master"
  digest = "1:f91cdb5491e208407866f02e4018209385a06332f0bf24b44809047bb722c425"
  name = "github.com/cznic/mathutil"
  packages = ["."]
  pruneopts = ""
  revision = "eba54fb065b72d838b4b3481c6056998ead55e74"

[[projects]]
  branch = "master"
  digest = "1:9d884b12b08310dcec35249c23e3299a8f5b1f056a0e47b029c211bce5af2648"
  name = "github.com/cznic/ql"
  packages = [
    ".",
    "driver",
    "vendored/github.com/camlistore/go4/lock",
  ]
  pruneopts = ""
  revision = "3a24a15b769132006481279fba26a5b6de695ec6"

[[projects]]
  branch = "master"
  digest = "1:71a57c92aaf785802e1a3f99d7302ca48c41f0b93696050830bcef0275d7cc84"
  name = "github.com/cznic/sortutil"
  packages = ["."]
  pruneopts = ""
  revision = "4c7342852e65c2088c981288f2c5610d10b9f7f4"

[[projects]]
  branch = "master"
  digest = "1:10c156466dc5691a650ca4835325201de098f323ef91996d6d73844e1f4ec6ba"
  name = "github.com/cznic/strutil"
  packages = ["."]
  pruneopts = ""
  revision = "529a34b1c186b483642a7a230c67521d9aa4b0fb"

[[projects]]
  branch = "master"
  digest = "1:f251144eadb9980c7058ab8073297dcd918ec2760a2e5383805c5f6b9deee996"
  name = "github.com/cznic/zappy"
  packages = ["."]
  pruneopts = ""
  revision = "2533cb5b45cc6c07421468ce262899ddc9d53fb7"

[[projects]]
  branch = "master"
  digest = "1:4c4a331124d70560f6da77d5088c10215e28a4b7fc1ee81eb4bc8400c86761cc"
  name = "github.com/edsrzf/mmap-go"
  packages = ["."]
  pruneopts = ""
  revision = "0bce6a6887123b67a60366d2c9fe2dfb74289d2e"

[[projects]]
  branch = "master"
  digest = "1:88b37f144a80737f9e5cd50c887c00c2f3c7211257f884b8b80ce97e61ed1ccb"
  name = "github.com/facebookgo/clock"
  packages = ["."]
  pruneopts = ""
  revision = "600d898af40aa09a7a93ecb9265d87b0504b6f03"

[[projects]]
  branch = "master"
  digest = "1:d531a396c53c99aafa6e3f61af4cd395d162c0a438c92ccbcb86d91610b83b85"
  name = "github.com/facebookgo/httpdown"
  packages = ["."]
  pruneopts = ""
  revision = "5979d39b15c26299dc282711b0d65b113daccea6"

[[projects]]
  branch = "master"
  digest = "1:247e57ca43a89cd87cdc42194faba92ce28a4f11d171cbb4c1473ede7f297c0d"
  name = "github.com/facebookgo/stats"
  packages = ["."]
  pruneopts = ""
  revision = "1b76add642e42c6ffba7211ad7b3939ce654526e"

[[projects]]
  digest = "1:40548207236a3c3d02b4dae094f5901d662a792e015948287dc3e9ea1bd50674"
  name = "github.com/getsentry/raven-go"
  packages = ["."]
  pruneopts = ""
  revision = "f04e7487e9a6b9d9837d52743fb5f40576c56411"
  version = "v0.2.0"

[[projects]]
  digest = "1:c07de423ca37dc2765396d6971599ab652a339538084b9b58c9f7fc533b28525"
  name = "github.com/go-sql-driver/mysql"
  packages = ["."]
  pruneopts = ""
  revision = "d523deb1b23d913de5bdada721a6071e71283618"
  version = "v1.4.0"

[[projects]]
  digest = "1:6f49eae0c1e5dab1dafafee34b207aeb7a42303105960944828c2079b92fc88e"
  name = "github.com/jmespath/go-jmespath"
  packages = ["."]
  pruneopts = ""
  revision = "0b12d6b5"

[[projects]]
  digest = "1:deeb6536ebbcb66ab11213ecfaac9daadfcd004dd057446a4980ffd6c15c36e2"
  name = "github.com/julienschmidt/httprouter"
  packages = ["."]
  pruneopts = ""
  revision = "348b672cd90d8190f8240323e372ecd1e66b59dc"
  version = "v1.2.0"

[[projects]]
  digest = "1:7365acd48986e205ccb8652cc746f09c8b7876030d53710ea6ef7d0bd0dcd7ca"
  name = "github.com/pkg/errors"
  packages = ["."]
  pruneopts = ""
  revision = "645ef00459ed84a119197bfb8d8205042c6df63d"
  version = "v0.8.0"

[[projects]]
  branch = "master"
  digest = "1:dcf3a76b4560e0eb5a4a2b6517b8e1f21a37aabee2535424f0d69cc817755ad6"
  name = "github.com/remyoudompheng/bigfft"
  packages = ["."]
  pruneopts = ""
  revision = "52369c62f4463a21c8ff8531194c5526322b8521"

[[projects]]
  digest = "1:77d3cff3a451d50be4b52db9c7766c0d8570ba47593f0c9dc72173adb208e788"
  name = "google.golang.org/appengine"
  packages = ["cloudsql"]
  pruneopts = ""
  revision = "4a4468ece617fc8205e99368fa2200e9d1fad421"
  version = "v1.3.0"

[solve-meta]
  analyzer-name = "dep"
  analyzer-version = 1
  input-imports = [
    "github.com/BurntSushi/migration",
    "github.com/BurntSushi/toml",
    "github.com/antonholmquist/jason",
    "github.com/aws/aws-sdk-go/aws",
    "github.com/aws/aws-sdk-go/aws/awserr",
    "github.com/aws/aws-sdk-go/aws/session",
    "github.com/aws/aws-sdk-go/service/s3",
    "github.com/cznic/ql/driver",
    "github.com/facebookgo/httpdown",
    "github.com/getsentry/raven-go",
    "github.com/go-sql-driver/mysql",
    "github.com/julienschmidt/httprouter",
  ]
  solver-name = "gps-cdcl"
  solver-version = 1
