# This file is autogenerated, do not edit; changes may be undone by the next 'dep ensure'.

memo = "7b280cae4720b2e487debfd89d5853aeff0b02f44823ebdc6f7a9ab484b100ff"

[[projects]]
  name = "github.com/BurntSushi/migration"
  packages = ["."]
  revision = "c45b897f13350786ccaf2b7403b92b1c7ad85844"

[[projects]]
  name = "github.com/BurntSushi/toml"
  packages = ["."]
  revision = "bbd5bb678321a0d6e58f1099321dfa73391c1b6f"
  version = "v0.2.0"

[[projects]]
  name = "github.com/antonholmquist/jason"
  packages = ["."]
  revision = "45d2bc81fe7570f04969728f3a941216fc565b61"

[[projects]]
  branch = "master"
  name = "github.com/cznic/b"
  packages = ["."]
  revision = "6955404bf550e1eae1bf83121739078b027f4547"

[[projects]]
  branch = "master"
  name = "github.com/cznic/fileutil"
  packages = ["."]
  revision = "90cf820aafe8f7df39416fdbb932029ff99bd1ab"

[[projects]]
  branch = "master"
  name = "github.com/cznic/golex"
  packages = ["lex"]
  revision = "4ab7c5e190e49208c823ce8ec803aa39e6a4b31a"

[[projects]]
  branch = "master"
  name = "github.com/cznic/internal"
  packages = ["buffer","file","slice"]
  revision = "6c349f9353aa71ded7ed92820816fab0bef1784b"

[[projects]]
  branch = "master"
  name = "github.com/cznic/lldb"
  packages = ["."]
  revision = "bea8611dd5c407f3c5eab9f9c68e887a27dc6f0e"

[[projects]]
  branch = "master"
  name = "github.com/cznic/mathutil"
  packages = ["."]
  revision = "6baf61e0317058e3207936f50e310bd500fbbdb0"

[[projects]]
  branch = "master"
  name = "github.com/cznic/ql"
  packages = [".","driver","vendored/github.com/camlistore/go4/lock"]
  revision = "ba9eea98e3d20b3485b5b3d4a77775ee8bdd5387"

[[projects]]
  branch = "master"
  name = "github.com/cznic/sortutil"
  packages = ["."]
  revision = "4c7342852e65c2088c981288f2c5610d10b9f7f4"

[[projects]]
  branch = "master"
  name = "github.com/cznic/strutil"
  packages = ["."]
  revision = "43a89592ed56c227c7fdb1fcaf7d1d08be02ec54"

[[projects]]
  branch = "master"
  name = "github.com/cznic/zappy"
  packages = ["."]
  revision = "2533cb5b45cc6c07421468ce262899ddc9d53fb7"

[[projects]]
  branch = "master"
  name = "github.com/edsrzf/mmap-go"
  packages = ["."]
  revision = "0bce6a6887123b67a60366d2c9fe2dfb74289d2e"

[[projects]]
  name = "github.com/facebookgo/clock"
  packages = ["."]
  revision = "600d898af40aa09a7a93ecb9265d87b0504b6f03"

[[projects]]
  name = "github.com/facebookgo/httpdown"
  packages = ["."]
  revision = "1fa03998d20119dfe4ef73f56a638d83048052e2"

[[projects]]
  name = "github.com/facebookgo/stats"
  packages = ["."]
  revision = "1b76add642e42c6ffba7211ad7b3939ce654526e"

[[projects]]
  name = "github.com/go-sql-driver/mysql"
  packages = ["."]
  revision = "a0583e0143b1624142adab07e0e97fe106d99561"
  version = "v1.3"

[[projects]]
  name = "github.com/julienschmidt/httprouter"
  packages = ["."]
  revision = "6aacfd5ab513e34f7e64ea9627ab9670371b34e7"
