# This file is autogenerated, do not edit; changes may be undone by the next 'dep ensure'.


[[projects]]
  branch = "master"
  digest = "1:ce4ece01d6deacd973df99c4bc63f76845354492633aa9073490a30519d5caf9"
  name = "github.com/BurntSushi/migration"
  packages = ["."]
  pruneopts = ""
  revision = "c45b897f13350786ccaf2b7403b92b1c7ad85844"

[[projects]]
  digest = "1:089b2aa6b977d4a0100277d46bce2e0613f01eb610c9bdab3447e5100871b431"
  name = "github.com/BurntSushi/toml"
  packages = ["."]
  pruneopts = ""
  revision = "bbd5bb678321a0d6e58f1099321dfa73391c1b6f"
  version = "v0.2.0"

[[projects]]
  digest = "1:ff608df68db2ac2073920ca26611e614d028c83ef3587c20fb773a5d669a554d"
  name = "github.com/antonholmquist/jason"
  packages = ["."]
  pruneopts = ""
  revision = "c23cef7eaa75a6a5b8810120e167bd590d8fd2ab"
  version = "v1.0.0"

[[projects]]
  digest = "1:a652cf6afbfa81412bbab9b7e584c48f47fc1266f4327bbb8d344c77e5aa16e0"
  name = "github.com/aws/aws-sdk-go"
  packages = [
    "aws",
    "aws/arn",
    "aws/awserr",
    "aws/awsutil",
    "aws/client",
    "aws/client/metadata",
    "aws/corehandlers",
    "aws/credentials",
    "aws/credentials/ec2rolecreds",
    "aws/credentials/endpointcreds",
    "aws/credentials/processcreds",
    "aws/credentials/stscreds",
    "aws/csm",
    "aws/defaults",
    "aws/ec2metadata",
    "aws/endpoints",
    "aws/request",
    "aws/session",
    "aws/signer/v4",
    "internal/context",
    "internal/ini",
    "internal/s3err",
    "internal/sdkio",
    "internal/sdkmath",
    "internal/sdkrand",
    "internal/sdkuri",
    "internal/shareddefaults",
    "internal/strings",
    "internal/sync/singleflight",
    "private/protocol",
    "private/protocol/eventstream",
    "private/protocol/eventstream/eventstreamapi",
    "private/protocol/json/jsonutil",
    "private/protocol/query",
    "private/protocol/query/queryutil",
    "private/protocol/rest",
    "private/protocol/restxml",
    "private/protocol/xml/xmlutil",
    "service/s3",
    "service/s3/internal/arn",
    "service/sts",
    "service/sts/stsiface",
  ]
  pruneopts = ""
  revision = "45f40fbbeba8a5dee288025ce32ee24bc643ba0a"
  version = "v1.29.3"

[[projects]]
  digest = "1:8722889ad027febfced94665914d1e7be8f1b703d31f2ef9461c59e4d40fe974"
  name = "github.com/certifi/gocertifi"
  packages = ["."]
  pruneopts = ""
  revision = "deb3ae2ef2610fde3330947281941c562861188b"
  version = "2018.01.18"

[[projects]]
  branch = "master"
  digest = "1:d58f87f16ba95126d40c45e1926351320b4d0f31d1051c3bf203b8529575e9c9"
  name = "github.com/cznic/b"
  packages = ["."]
  pruneopts = ""
  revision = "a26611c4d92dc9181cdb5e8d67fb712700fcd4a3"

[[projects]]
  branch = "master"
  digest = "1:5d92a0c9d10a33dd706188fb39207e3e49307f1e0aa29210703aa8a107a49f89"
  name = "github.com/cznic/db"
  packages = ["."]
  pruneopts = ""
  revision = "661fca3aa13d7c6a866498ee35d2ccba2c7b5a6f"

[[projects]]
  branch = "master"
  digest = "1:ec01f46420a1f8c11bc87a66ae13228f9b75e5212adbacebc97d2b54ea6e5d93"
  name = "github.com/cznic/file"
  packages = ["."]
  pruneopts = ""
  revision = "666493a488b5fc9d1e871b1a8e03fa962f6a9fa5"

[[projects]]
  branch = "master"
  digest = "1:5feb0cd632fa7e50c3ff50ea63e006316b43f378ee16ac35ccfc35fe3a7e6cd5"
  name = "github.com/cznic/fileutil"
  packages = ["."]
  pruneopts = ""
  revision = "4d67cfea8c87a5ea35f02b7716ffe87753abb64a"

[[projects]]
  branch = "master"
  digest = "1:d2a0734920cf6afc1012eff15e084f246319231d0e55d47748151befe9ad2c29"
  name = "github.com/cznic/golex"
  packages = ["lex"]
  pruneopts = ""
  revision = "9c343928389cc59a56eb4494e0b781f1a9145ec0"

[[projects]]
  branch = "master"
  digest = "1:c19ef92c4bce973bcb4200ec4f89503de0fcc53188fa31d471a87ac7f2931fdb"
  name = "github.com/cznic/internal"
  packages = [
    "buffer",
    "file",
    "slice",
  ]
  pruneopts = ""
  revision = "3279554c546e0f1fa7eac9bb4d45cea926d141ea"

[[projects]]
  digest = "1:9f7b82ce0d78b72a9412eb4c6f3e3780a69110bc9145e31e987e1e09142b3fd3"
  name = "github.com/cznic/lldb"
  packages = ["."]
  pruneopts = ""
  revision = "bea8611dd5c407f3c5eab9f9c68e887a27dc6f0e"
  version = "v1.1.0"

[[projects]]
  branch = "master"
  digest = "1:94ce318e05eef6c746503a5b06f8c4c7679760d3a4b27b454400c4c52f3f70dd"
  name = "github.com/cznic/mathutil"
  packages = ["."]
  pruneopts = ""
  revision = "297441e035482346a960053c9ea29669b13e1025"

[[projects]]
  branch = "master"
  digest = "1:c80f5d7b2ed6054e2057ff05790a2924c226e8db9b479e25211890b031834348"
  name = "github.com/cznic/ql"
  packages = [
    ".",
    "driver",
    "vendored/github.com/camlistore/go4/lock",
  ]
  pruneopts = ""
  revision = "b60735abf8a0c153d60b21634d650fbaa9e9a288"

[[projects]]
  branch = "master"
  digest = "1:e3c4afa92053f38831a3611cccedd316c9f2b9699f4ad87fd59b5f3ee67957c2"
  name = "github.com/cznic/sortutil"
  packages = ["."]
  pruneopts = ""
  revision = "f5f958428db822072e84a845d95c490468f5e96d"

[[projects]]
  branch = "master"
  digest = "1:d65621a6759c79527a789f56c5f46d50c4fa4e23daf4fd43d10a533c4277c244"
  name = "github.com/cznic/strutil"
  packages = ["."]
  pruneopts = ""
  revision = "275e9034453778034cf2718cec00c840f5a34299"

[[projects]]
  branch = "master"
  digest = "1:a731d57750456b7614504c50d1b163d7efc9d3d24edbbca97cb58474bfc4adf1"
  name = "github.com/cznic/zappy"
  packages = ["."]
  pruneopts = ""
  revision = "ca47d358d4b1fee03c89617b25fc2d7bac45a9a6"

[[projects]]
  digest = "1:cfe61b953a7ced7d574f8ad8511b5cb5fc344dc59b51fe8ae8f76b0ef14a4a30"
  name = "github.com/edsrzf/mmap-go"
  packages = ["."]
  pruneopts = ""
  revision = "188cc3b666ba704534fa4f96e9e61f21f1e1ba7c"
  version = "v1.0.0"

[[projects]]
  branch = "master"
  digest = "1:88b37f144a80737f9e5cd50c887c00c2f3c7211257f884b8b80ce97e61ed1ccb"
  name = "github.com/facebookgo/clock"
  packages = ["."]
  pruneopts = ""
  revision = "600d898af40aa09a7a93ecb9265d87b0504b6f03"

[[projects]]
  branch = "master"
  digest = "1:d531a396c53c99aafa6e3f61af4cd395d162c0a438c92ccbcb86d91610b83b85"
  name = "github.com/facebookgo/httpdown"
  packages = ["."]
  pruneopts = ""
  revision = "5979d39b15c26299dc282711b0d65b113daccea6"

[[projects]]
  branch = "master"
  digest = "1:247e57ca43a89cd87cdc42194faba92ce28a4f11d171cbb4c1473ede7f297c0d"
  name = "github.com/facebookgo/stats"
  packages = ["."]
  pruneopts = ""
  revision = "1b76add642e42c6ffba7211ad7b3939ce654526e"

[[projects]]
  digest = "1:40548207236a3c3d02b4dae094f5901d662a792e015948287dc3e9ea1bd50674"
  name = "github.com/getsentry/raven-go"
  packages = ["."]
  pruneopts = ""
  revision = "f04e7487e9a6b9d9837d52743fb5f40576c56411"
  version = "v0.2.0"

[[projects]]
  digest = "1:e692d16fdfbddb94e9e4886aaf6c08bdbae5cb4ac80651445de9181b371c6e46"
  name = "github.com/go-sql-driver/mysql"
  packages = ["."]
  pruneopts = ""
  revision = "72cd26f257d44c1114970e19afddcd812016007e"
  version = "v1.4.1"

[[projects]]
  digest = "1:13fe471d0ed891e8544eddfeeb0471fd3c9f2015609a1c000aefdedf52a19d40"
  name = "github.com/jmespath/go-jmespath"
  packages = ["."]
  pruneopts = ""
  revision = "c2b33e84"

[[projects]]
  digest = "1:4659313061ea46d02b76c94aeb0c11d9973cc45761eccbd50ed70f28e6d43f8f"
  name = "github.com/julienschmidt/httprouter"
  packages = ["."]
  pruneopts = ""
  revision = "4eec211fa4e8df74ed978dc5681612131854144f"
  version = "v1.3.0"

[[projects]]
  digest = "1:1d7e1867c49a6dd9856598ef7c3123604ea3daabf5b83f303ff457bcbc410b1d"
  name = "github.com/pkg/errors"
  packages = ["."]
  pruneopts = ""
  revision = "ba968bfe8b2f7e042a574c888954fccecfa385b4"
  version = "v0.8.1"

[[projects]]
  branch = "master"
  digest = "1:839ef66e10303d306070b79cb5f7c1be4030b6c6ae33afb4279cc53b618d9853"
  name = "github.com/remyoudompheng/bigfft"
  packages = ["."]
  pruneopts = ""
  revision = "6a916e37a237384e18eefa3270c09247db1ecf50"

[[projects]]
  branch = "master"
  digest = "1:055771f25c4d6493a840af5cbdb8da461be2ec1192049dbaebd6ae1a8cbcdea0"
  name = "golang.org/x/sys"
  packages = [
    "unix",
    "windows",
  ]
  pruneopts = ""
  revision = "b09406accb4736d857a32bf9444cd7edae2ffa79"

[[projects]]
  digest = "1:c4404231035fad619a12f82ae3f0f8f9edc1cc7f34e7edad7a28ccac5336cc96"
  name = "google.golang.org/appengine"
  packages = ["cloudsql"]
  pruneopts = ""
  revision = "971852bfffca25b069c31162ae8f247a3dba083b"
  version = "v1.6.5"

[solve-meta]
  analyzer-name = "dep"
  analyzer-version = 1
  input-imports = [
    "github.com/BurntSushi/migration",
    "github.com/BurntSushi/toml",
    "github.com/antonholmquist/jason",
    "github.com/aws/aws-sdk-go/aws",
    "github.com/aws/aws-sdk-go/aws/awserr",
    "github.com/aws/aws-sdk-go/aws/session",
    "github.com/aws/aws-sdk-go/service/s3",
    "github.com/cznic/ql/driver",
    "github.com/facebookgo/httpdown",
    "github.com/getsentry/raven-go",
    "github.com/go-sql-driver/mysql",
    "github.com/julienschmidt/httprouter",
  ]
  solver-name = "gps-cdcl"
  solver-version = 1
